PODS:
  - AccountKit (4.26.0)
  - Bolts (1.8.4):
    - Bolts/AppLinks (= 1.8.4)
    - Bolts/Tasks (= 1.8.4)
  - Bolts/AppLinks (1.8.4):
    - Bolts/Tasks
  - Bolts/Tasks (1.8.4)
  - Crashlytics (3.9.3):
    - Fabric (~> 1.7.2)
  - Fabric (1.7.2)
  - FacebookCore (0.3.0):
    - Bolts (~> 1.8)
    - FBSDKCoreKit (~> 4.27)
  - FacebookLogin (0.3.0):
    - Bolts (~> 1.8)
    - FacebookCore (~> 0.3)
    - FBSDKCoreKit (~> 4.27)
    - FBSDKLoginKit (~> 4.27)
  - FBSDKCoreKit (4.28.0):
    - Bolts (~> 1.7)
  - FBSDKLoginKit (4.28.0):
    - FBSDKCoreKit
  - GoogleMaps (2.5.0):
    - GoogleMaps/Maps (= 2.5.0)
  - GoogleMaps/Base (2.5.0)
  - GoogleMaps/Maps (2.5.0):
    - GoogleMaps/Base

DEPENDENCIES:
  - AccountKit
  - Crashlytics
  - Fabric
  - FacebookCore
  - FacebookLogin
  - GoogleMaps

SPEC CHECKSUMS:
  AccountKit: c72905fc94ca89cef133e5eab7f6950ba9736ae7
  Bolts: 8a7995239dbe724f9cba2248b766d48b7ebdd322
  Crashlytics: dbb07d01876c171c5ccbdf7826410380189e452c
  Fabric: 9cd6a848efcf1b8b07497e0b6a2e7d336353ba15
  FacebookCore: 3ffa190a3f1f96cec0e44d3fc221bc322c595ffa
  FacebookLogin: 0af839ea858faef99550d16596b87b4a8e8906e6
  FBSDKCoreKit: ca961e279113f691fd83dc634c0bbad9d4e3f370
  FBSDKLoginKit: b077381c27d800f21661757e8140cf2c80a91e4a
  GoogleMaps: c087b8e5dfe87ca6ebf59adb9b4894a4146bec4f

PODFILE CHECKSUM: 5cb29e8aa6caae9f60cbf6b36e9e2d5e938c5fd2

COCOAPODS: 1.3.1
