// !$*UTF8*$!
{
	archiveVersion = 1;
	classes = {
	};
	objectVersion = 48;
	objects = {

/* Begin PBXBuildFile section */
		4C1FDDA41FBB5B090013CDDA /* AppDelegate.swift in Sources */ = {isa = PBXBuildFile; fileRef = 4C1FDDA31FBB5B090013CDDA /* AppDelegate.swift */; };
		4C1FDDA61FBB5B090013CDDA /* ViewController.swift in Sources */ = {isa = PBXBuildFile; fileRef = 4C1FDDA51FBB5B090013CDDA /* ViewController.swift */; };
		4C1FDDA91FBB5B090013CDDA /* Main.storyboard in Resources */ = {isa = PBXBuildFile; fileRef = 4C1FDDA71FBB5B090013CDDA /* Main.storyboard */; };
		4C1FDDAB1FBB5B090013CDDA /* Assets.xcassets in Resources */ = {isa = PBXBuildFile; fileRef = 4C1FDDAA1FBB5B090013CDDA /* Assets.xcassets */; };
		4C1FDDAE1FBB5B090013CDDA /* LaunchScreen.storyboard in Resources */ = {isa = PBXBuildFile; fileRef = 4C1FDDAC1FBB5B090013CDDA /* LaunchScreen.storyboard */; };
/* End PBXBuildFile section */

/* Begin PBXFileReference section */
		4C1FDDA01FBB5B090013CDDA /* G57L15.app */ = {isa = PBXFileReference; explicitFileType = wrapper.application; includeInIndex = 0; path = G57L15.app; sourceTree = BUILT_PRODUCTS_DIR; };
		4C1FDDA31FBB5B090013CDDA /* AppDelegate.swift */ = {isa = PBXFileReference; lastKnownFileType = sourcecode.swift; path = AppDelegate.swift; sourceTree = "<group>"; };
		4C1FDDA51FBB5B090013CDDA /* ViewController.swift */ = {isa = PBXFileReference; lastKnownFileType = sourcecode.swift; path = ViewController.swift; sourceTree = "<group>"; };
		4C1FDDA81FBB5B090013CDDA /* Base */ = {isa = PBXFileReference; lastKnownFileType = file.storyboard; name = Base; path = Base.lproj/Main.storyboard; sourceTree = "<group>"; };
		4C1FDDAA1FBB5B090013CDDA /* Assets.xcassets */ = {isa = PBXFileReference; lastKnownFileType = folder.assetcatalog; path = Assets.xcassets; sourceTree = "<group>"; };
		4C1FDDAD1FBB5B090013CDDA /* Base */ = {isa = PBXFileReference; lastKnownFileType = file.storyboard; name = Base; path = Base.lproj/LaunchScreen.storyboard; sourceTree = "<group>"; };
		4C1FDDAF1FBB5B090013CDDA /* Info.plist */ = {isa = PBXFileReference; lastKnownFileType = text.plist.xml; path = Info.plist; sourceTree = "<group>"; };
/* End PBXFileReference section */

/* Begin PBXFrameworksBuildPhase section */
		4C1FDD9D1FBB5B090013CDDA /* Frameworks */ = {
			isa = PBXFrameworksBuildPhase;
			buildActionMask = 2147483647;
			files = (
			);
			runOnlyForDeploymentPostprocessing = 0;
		};
/* End PBXFrameworksBuildPhase section */

/* Begin PBXGroup section */
		4C1FDD971FBB5B090013CDDA = {
			isa = PBXGroup;
			children = (
				4C1FDDA21FBB5B090013CDDA /* G57L15 */,
				4C1FDDA11FBB5B090013CDDA /* Products */,
			);
			sourceTree = "<group>";
		};
		4C1FDDA11FBB5B090013CDDA /* Products */ = {
			isa = PBXGroup;
			children = (
				4C1FDDA01FBB5B090013CDDA /* G57L15.app */,
			);
			name = Products;
			sourceTree = "<group>";
		};
		4C1FDDA21FBB5B090013CDDA /* G57L15 */ = {
			isa = PBXGroup;
			children = (
				4C1FDDA31FBB5B090013CDDA /* AppDelegate.swift */,
				4C1FDDA51FBB5B090013CDDA /* ViewController.swift */,
				4C1FDDA71FBB5B090013CDDA /* Main.storyboard */,
				4C1FDDAA1FBB5B090013CDDA /* Assets.xcassets */,
				4C1FDDAC1FBB5B090013CDDA /* LaunchScreen.storyboard */,
				4C1FDDAF1FBB5B090013CDDA /* Info.plist */,
			);
			path = G57L15;
			sourceTree = "<group>";
		};
/* End PBXGroup section */

/* Begin PBXNativeTarget section */
		4C1FDD9F1FBB5B090013CDDA /* G57L15 */ = {
			isa = PBXNativeTarget;
			buildConfigurationList = 4C1FDDB21FBB5B090013CDDA /* Build configuration list for PBXNativeTarget "G57L15" */;
			buildPhases = (
				4C1FDD9C1FBB5B090013CDDA /* Sources */,
				4C1FDD9D1FBB5B090013CDDA /* Frameworks */,
				4C1FDD9E1FBB5B090013CDDA /* Resources */,
			);
			buildRules = (
			);
			dependencies = (
			);
			name = G57L15;
			productName = G57L15;
			productReference = 4C1FDDA01FBB5B090013CDDA /* G57L15.app */;
			productType = "com.apple.product-type.application";
		};
/* End PBXNativeTarget section */

/* Begin PBXProject section */
		4C1FDD981FBB5B090013CDDA /* Project object */ = {
			isa = PBXProject;
			attributes = {
				LastSwiftUpdateCheck = 0910;
				LastUpgradeCheck = 0910;
				ORGANIZATIONNAME = RockSoft;
				TargetAttributes = {
					4C1FDD9F1FBB5B090013CDDA = {
						CreatedOnToolsVersion = 9.1;
						ProvisioningStyle = Automatic;
					};
				};
			};
			buildConfigurationList = 4C1FDD9B1FBB5B090013CDDA /* Build configuration list for PBXProject "G57L15" */;
			compatibilityVersion = "Xcode 8.0";
			developmentRegion = en;
			hasScannedForEncodings = 0;
			knownRegions = (
				en,
				Base,
			);
			mainGroup = 4C1FDD971FBB5B090013CDDA;
			productRefGroup = 4C1FDDA11FBB5B090013CDDA /* Products */;
			projectDirPath = "";
			projectRoot = "";
			targets = (
				4C1FDD9F1FBB5B090013CDDA /* G57L15 */,
			);
		};
/* End PBXProject section */

/* Begin PBXResourcesBuildPhase section */
		4C1FDD9E1FBB5B090013CDDA /* Resources */ = {
			isa = PBXResourcesBuildPhase;
			buildActionMask = 2147483647;
			files = (
				4C1FDDAE1FBB5B090013CDDA /* LaunchScreen.storyboard in Resources */,
				4C1FDDAB1FBB5B090013CDDA /* Assets.xcassets in Resources */,
				4C1FDDA91FBB5B090013CDDA /* Main.storyboard in Resources */,
			);
			runOnlyForDeploymentPostprocessing = 0;
		};
/* End PBXResourcesBuildPhase section */

/* Begin PBXSourcesBuildPhase section */
		4C1FDD9C1FBB5B090013CDDA /* Sources */ = {
			isa = PBXSourcesBuildPhase;
			buildActionMask = 2147483647;
			files = (
				4C1FDDA61FBB5B090013CDDA /* ViewController.swift in Sources */,
				4C1FDDA41FBB5B090013CDDA /* AppDelegate.swift in Sources */,
			);
			runOnlyForDeploymentPostprocessing = 0;
		};
/* End PBXSourcesBuildPhase section */

/* Begin PBXVariantGroup section */
		4C1FDDA71FBB5B090013CDDA /* Main.storyboard */ = {
			isa = PBXVariantGroup;
			children = (
				4C1FDDA81FBB5B090013CDDA /* Base */,
			);
			name = Main.storyboard;
			sourceTree = "<group>";
		};
		4C1FDDAC1FBB5B090013CDDA /* LaunchScreen.storyboard */ = {
			isa = PBXVariantGroup;
			children = (
				4C1FDDAD1FBB5B090013CDDA /* Base */,
			);
			name = LaunchScreen.storyboard;
			sourceTree = "<group>";
		};
/* End PBXVariantGroup section */

/* Begin XCBuildConfiguration section */
		4C1FDDB01FBB5B090013CDDA /* Debug */ = {
			isa = XCBuildConfiguration;
			buildSettings = {
				ALWAYS_SEARCH_USER_PATHS = NO;
				CLANG_ANALYZER_NONNULL = YES;
				CLANG_ANALYZER_NUMBER_OBJECT_CONVERSION = YES_AGGRESSIVE;
				CLANG_CXX_LANGUAGE_STANDARD = "gnu++14";
				CLANG_CXX_LIBRARY = "libc++";
				CLANG_ENABLE_MODULES = YES;
				CLANG_ENABLE_OBJC_ARC = YES;
				CLANG_WARN_BLOCK_CAPTURE_AUTORELEASING = YES;
				CLANG_WARN_BOOL_CONVERSION = YES;
				CLANG_WARN_COMMA = YES;
				CLANG_WARN_CONSTANT_CONVERSION = YES;
				CLANG_WARN_DIRECT_OBJC_ISA_USAGE = YES_ERROR;
				CLANG_WARN_DOCUMENTATION_COMMENTS = YES;
				CLANG_WARN_EMPTY_BODY = YES;
				CLANG_WARN_ENUM_CONVERSION = YES;
				CLANG_WARN_INFINITE_RECURSION = YES;
				CLANG_WARN_INT_CONVERSION = YES;
				CLANG_WARN_NON_LITERAL_NULL_CONVERSION = YES;
				CLANG_WARN_OBJC_LITERAL_CONVERSION = YES;
				CLANG_WARN_OBJC_ROOT_CLASS = YES_ERROR;
				CLANG_WARN_RANGE_LOOP_ANALYSIS = YES;
				CLANG_WARN_STRICT_PROTOTYPES = YES;
				CLANG_WARN_SUSPICIOUS_MOVE = YES;
				CLANG_WARN_UNGUARDED_AVAILABILITY = YES_AGGRESSIVE;
				CLANG_WARN_UNREACHABLE_CODE = YES;
				CLANG_WARN__DUPLICATE_METHOD_MATCH = YES;
				CODE_SIGN_IDENTITY = "iPhone Developer";
				COPY_PHASE_STRIP = NO;
				DEBUG_INFORMATION_FORMAT = dwarf;
				ENABLE_STRICT_OBJC_MSGSEND = YES;
				ENABLE_TESTABILITY = YES;
				GCC_C_LANGUAGE_STANDARD = gnu11;
				GCC_DYNAMIC_NO_PIC = NO;
				GCC_NO_COMMON_BLOCKS = YES;
				GCC_OPTIMIZATION_LEVEL = 0;
				GCC_PREPROCESSOR_DEFINITIONS = (
					"DEBUG=1",
					"$(inherited)",
				);
				GCC_WARN_64_TO_32_BIT_CONVERSION = YES;
				GCC_WARN_ABOUT_RETURN_TYPE = YES_ERROR;
				GCC_WARN_UNDECLARED_SELECTOR = YES;
				GCC_WARN_UNINITIALIZED_AUTOS = YES_AGGRESSIVE;
				GCC_WARN_UNUSED_FUNCTION = YES;
				GCC_WARN_UNUSED_VARIABLE = YES;
				IPHONEOS_DEPLOYMENT_TARGET = 11.1;
				MTL_ENABLE_DEBUG_INFO = YES;
				ONLY_ACTIVE_ARCH = YES;
				SDKROOT = iphoneos;
				SWIFT_ACTIVE_COMPILATION_CONDITIONS = DEBUG;
				SWIFT_OPTIMIZATION_LEVEL = "-Onone";
			};
			name = Debug;
		};
		4C1FDDB11FBB5B090013CDDA /* Release */ = {
			isa = XCBuildConfiguration;
			buildSettings = {
				ALWAYS_SEARCH_USER_PATHS = NO;
				CLANG_ANALYZER_NONNULL = YES;
				CLANG_ANALYZER_NUMBER_OBJECT_CONVERSION = YES_AGGRESSIVE;
				CLANG_CXX_LANGUAGE_STANDARD = "gnu++14";
				CLANG_CXX_LIBRARY = "libc++";
				CLANG_ENABLE_MODULES = YES;
				CLANG_ENABLE_OBJC_ARC = YES;
				CLANG_WARN_BLOCK_CAPTURE_AUTORELEASING = YES;
				CLANG_WARN_BOOL_CONVERSION = YES;
				CLANG_WARN_COMMA = YES;
				CLANG_WARN_CONSTANT_CONVERSION = YES;
				CLANG_WARN_DIRECT_OBJC_ISA_USAGE = YES_ERROR;
				CLANG_WARN_DOCUMENTATION_COMMENTS = YES;
				CLANG_WARN_EMPTY_BODY = YES;
				CLANG_WARN_ENUM_CONVERSION = YES;
				CLANG_WARN_INFINITE_RECURSION = YES;
				CLANG_WARN_INT_CONVERSION = YES;
				CLANG_WARN_NON_LITERAL_NULL_CONVERSION = YES;
				CLANG_WARN_OBJC_LITERAL_CONVERSION = YES;
				CLANG_WARN_OBJC_ROOT_CLASS = YES_ERROR;
				CLANG_WARN_RANGE_LOOP_ANALYSIS = YES;
				CLANG_WARN_STRICT_PROTOTYPES = YES;
				CLANG_WARN_SUSPICIOUS_MOVE = YES;
				CLANG_WARN_UNGUARDED_AVAILABILITY = YES_AGGRESSIVE;
				CLANG_WARN_UNREACHABLE_CODE = YES;
				CLANG_WARN__DUPLICATE_METHOD_MATCH = YES;
				CODE_SIGN_IDENTITY = "iPhone Developer";
				COPY_PHASE_STRIP = NO;
				DEBUG_INFORMATION_FORMAT = "dwarf-with-dsym";
				ENABLE_NS_ASSERTIONS = NO;
				ENABLE_STRICT_OBJC_MSGSEND = YES;
				GCC_C_LANGUAGE_STANDARD = gnu11;
				GCC_NO_COMMON_BLOCKS = YES;
				GCC_WARN_64_TO_32_BIT_CONVERSION = YES;
				GCC_WARN_ABOUT_RETURN_TYPE = YES_ERROR;
				GCC_WARN_UNDECLARED_SELECTOR = YES;
				GCC_WARN_UNINITIALIZED_AUTOS = YES_AGGRESSIVE;
				GCC_WARN_UNUSED_FUNCTION = YES;
				GCC_WARN_UNUSED_VARIABLE = YES;
				IPHONEOS_DEPLOYMENT_TARGET = 11.1;
				MTL_ENABLE_DEBUG_INFO = NO;
				SDKROOT = iphoneos;
				SWIFT_OPTIMIZATION_LEVEL = "-Owholemodule";
				VALIDATE_PRODUCT = YES;
			};
			name = Release;
		};
		4C1FDDB31FBB5B090013CDDA /* Debug */ = {
			isa = XCBuildConfiguration;
			buildSettings = {
				ASSETCATALOG_COMPILER_APPICON_NAME = AppIcon;
				CODE_SIGN_STYLE = Automatic;
				DEVELOPMENT_TEAM = T6XM5LZMCJ;
				INFOPLIST_FILE = G57L15/Info.plist;
				LD_RUNPATH_SEARCH_PATHS = "$(inherited) @executable_path/Frameworks";
				PRODUCT_BUNDLE_IDENTIFIER = RockSoft.G57L15;
				PRODUCT_NAME = "$(TARGET_NAME)";
				SWIFT_VERSION = 4.0;
				TARGETED_DEVICE_FAMILY = "1,2";
			};
			name = Debug;
		};
		4C1FDDB41FBB5B090013CDDA /* Release */ = {
			isa = XCBuildConfiguration;
			buildSettings = {
				ASSETCATALOG_COMPILER_APPICON_NAME = AppIcon;
				CODE_SIGN_STYLE = Automatic;
				DEVELOPMENT_TEAM = T6XM5LZMCJ;
				INFOPLIST_FILE = G57L15/Info.plist;
				LD_RUNPATH_SEARCH_PATHS = "$(inherited) @executable_path/Frameworks";
				PRODUCT_BUNDLE_IDENTIFIER = RockSoft.G57L15;
				PRODUCT_NAME = "$(TARGET_NAME)";
				SWIFT_VERSION = 4.0;
				TARGETED_DEVICE_FAMILY = "1,2";
			};
			name = Release;
		};
/* End XCBuildConfiguration section */

/* Begin XCConfigurationList section */
		4C1FDD9B1FBB5B090013CDDA /* Build configuration list for PBXProject "G57L15" */ = {
			isa = XCConfigurationList;
			buildConfigurations = (
				4C1FDDB01FBB5B090013CDDA /* Debug */,
				4C1FDDB11FBB5B090013CDDA /* Release */,
			);
			defaultConfigurationIsVisible = 0;
			defaultConfigurationName = Release;
		};
		4C1FDDB21FBB5B090013CDDA /* Build configuration list for PBXNativeTarget "G57L15" */ = {
			isa = XCConfigurationList;
			buildConfigurations = (
				4C1FDDB31FBB5B090013CDDA /* Debug */,
				4C1FDDB41FBB5B090013CDDA /* Release */,
			);
			defaultConfigurationIsVisible = 0;
			defaultConfigurationName = Release;
		};
/* End XCConfigurationList section */
	};
	rootObject = 4C1FDD981FBB5B090013CDDA /* Project object */;
}
